
Microsoft Visual Studio Solution File, Format Version 12.00
# Visual Studio 15
VisualStudioVersion = 15.0.26430.6
MinimumVisualStudioVersion = 10.0.40219.1
Project("{FAE04EC0-301F-11D3-BF4B-00C04F79EFBC}") = "TlapianiServer", "TlapianiServer\TlapianiServer.csproj", "{CCF273AB-80D1-459D-842E-18F79A73FFD0}"
EndProject
Project("{FAE04EC0-301F-11D3-BF4B-00C04F79EFBC}") = "TlapianiServer.Tests", "TlapianiServer.Tests\TlapianiServer.Tests.csproj", "{82DAB3AE-389E-4FF3-B0CE-222D2D1566AB}"
EndProject
Global
	GlobalSection(SolutionConfigurationPlatforms) = preSolution
		Debug|Any CPU = Debug|Any CPU
		Release|Any CPU = Release|Any CPU
	EndGlobalSection
	GlobalSection(ProjectConfigurationPlatforms) = postSolution
		{CCF273AB-80D1-459D-842E-18F79A73FFD0}.Debug|Any CPU.ActiveCfg = Debug|Any CPU
		{CCF273AB-80D1-459D-842E-18F79A73FFD0}.Debug|Any CPU.Build.0 = Debug|Any CPU
		{CCF273AB-80D1-459D-842E-18F79A73FFD0}.Release|Any CPU.ActiveCfg = Release|Any CPU
		{CCF273AB-80D1-459D-842E-18F79A73FFD0}.Release|Any CPU.Build.0 = Release|Any CPU
		{82DAB3AE-389E-4FF3-B0CE-222D2D1566AB}.Debug|Any CPU.ActiveCfg = Debug|Any CPU
		{82DAB3AE-389E-4FF3-B0CE-222D2D1566AB}.Debug|Any CPU.Build.0 = Debug|Any CPU
		{82DAB3AE-389E-4FF3-B0CE-222D2D1566AB}.Release|Any CPU.ActiveCfg = Release|Any CPU
		{82DAB3AE-389E-4FF3-B0CE-222D2D1566AB}.Release|Any CPU.Build.0 = Release|Any CPU
	EndGlobalSection
	GlobalSection(SolutionProperties) = preSolution
		HideSolutionNode = FALSE
	EndGlobalSection
EndGlobal
